
Microsoft Visual Studio Solution File, Format Version 12.00
# Visual Studio 15
VisualStudioVersion = 15.0.28307.852
MinimumVisualStudioVersion = 10.0.40219.1
Project("{8BC9CEB8-8B4A-11D0-8D11-00A0C91BC942}") = "c0", "c0\c0.vcxproj", "{136DE796-6B78-4C16-B021-2B156FAA29BD}"
EndProject
Project("{2150E333-8FDC-42A3-9474-1A3956D46DE8}") = "Solution Items", "Solution Items", "{290EF3F9-36A4-4E81-B154-98302D4A16AE}"
	ProjectSection(SolutionItems) = preProject
		TextFile1.txt = TextFile1.txt
	EndProjectSection
EndProject
Global
	GlobalSection(SolutionConfigurationPlatforms) = preSolution
		Debug|x64 = Debug|x64
		Debug|x86 = Debug|x86
		Release|x64 = Release|x64
		Release|x86 = Release|x86
	EndGlobalSection
	GlobalSection(ProjectConfigurationPlatforms) = postSolution
		{136DE796-6B78-4C16-B021-2B156FAA29BD}.Debug|x64.ActiveCfg = Debug|x64
		{136DE796-6B78-4C16-B021-2B156FAA29BD}.Debug|x64.Build.0 = Debug|x64
		{136DE796-6B78-4C16-B021-2B156FAA29BD}.Debug|x86.ActiveCfg = Debug|Win32
		{136DE796-6B78-4C16-B021-2B156FAA29BD}.Debug|x86.Build.0 = Debug|Win32
		{136DE796-6B78-4C16-B021-2B156FAA29BD}.Release|x64.ActiveCfg = Release|x64
		{136DE796-6B78-4C16-B021-2B156FAA29BD}.Release|x64.Build.0 = Release|x64
		{136DE796-6B78-4C16-B021-2B156FAA29BD}.Release|x86.ActiveCfg = Release|Win32
		{136DE796-6B78-4C16-B021-2B156FAA29BD}.Release|x86.Build.0 = Release|Win32
	EndGlobalSection
	GlobalSection(SolutionProperties) = preSolution
		HideSolutionNode = FALSE
	EndGlobalSection
	GlobalSection(ExtensibilityGlobals) = postSolution
		SolutionGuid = {2CC752CA-E2AD-4F55-BC88-8B8031331CCD}
	EndGlobalSection
EndGlobal
